// !$*UTF8*$!
{
	archiveVersion = 1;
	classes = {
	};
	objectVersion = 46;
	objects = {

/* Begin PBXBuildFile section */
		4708D31F1EE84C5400EFEA22 /* consumer.cc in Sources */ = {isa = PBXBuildFile; fileRef = 4708D31C1EE84C5400EFEA22 /* consumer.cc */; };
		4708D3201EE84C5400EFEA22 /* consumer.h in Headers */ = {isa = PBXBuildFile; fileRef = 4708D31D1EE84C5400EFEA22 /* consumer.h */; };
		4708D3211EE84C5400EFEA22 /* types.h in Headers */ = {isa = PBXBuildFile; fileRef = 4708D31E1EE84C5400EFEA22 /* types.h */; };
		4708D3241EE84C7A00EFEA22 /* producer.cc in Sources */ = {isa = PBXBuildFile; fileRef = 4708D3221EE84C7A00EFEA22 /* producer.cc */; };
		4708D3251EE84C7A00EFEA22 /* producer.h in Headers */ = {isa = PBXBuildFile; fileRef = 4708D3231EE84C7A00EFEA22 /* producer.h */; };
		4729C25C1E449F24007331D6 /* session.cc in Sources */ = {isa = PBXBuildFile; fileRef = 4729C25A1E449F24007331D6 /* session.cc */; };
		4729C25D1E449F24007331D6 /* session.h in Headers */ = {isa = PBXBuildFile; fileRef = 4729C25B1E449F24007331D6 /* session.h */; };
		472FEA4C1E25557E0033D258 /* json_api.cc in Sources */ = {isa = PBXBuildFile; fileRef = 472FEA4A1E25557E0033D258 /* json_api.cc */; };
		472FEA4D1E25557E0033D258 /* json_api.h in Headers */ = {isa = PBXBuildFile; fileRef = 472FEA4B1E25557E0033D258 /* json_api.h */; };
		4775AD651EE15DAC006B9FE3 /* tracker.cc in Sources */ = {isa = PBXBuildFile; fileRef = 4775AD631EE15DAC006B9FE3 /* tracker.cc */; };
		4775AD661EE15DAC006B9FE3 /* tracker.h in Headers */ = {isa = PBXBuildFile; fileRef = 4775AD641EE15DAC006B9FE3 /* tracker.h */; };
		4775AD6E1EE15F12006B9FE3 /* singleton.cc in Sources */ = {isa = PBXBuildFile; fileRef = 4775AD6C1EE15F12006B9FE3 /* singleton.cc */; };
		4775AD6F1EE15F12006B9FE3 /* singleton.h in Headers */ = {isa = PBXBuildFile; fileRef = 4775AD6D1EE15F12006B9FE3 /* singleton.h */; };
		4775AD731EE16288006B9FE3 /* tracker.cc in Sources */ = {isa = PBXBuildFile; fileRef = 4775AD711EE16288006B9FE3 /* tracker.cc */; };
		4775AD741EE16288006B9FE3 /* tracker.h in Headers */ = {isa = PBXBuildFile; fileRef = 4775AD721EE16288006B9FE3 /* tracker.h */; };
		4775AD841EE1A8C2006B9FE3 /* utils.cc in Sources */ = {isa = PBXBuildFile; fileRef = 4775AD821EE1A8C2006B9FE3 /* utils.cc */; };
		4775AD851EE1A8C2006B9FE3 /* utils.h in Headers */ = {isa = PBXBuildFile; fileRef = 4775AD831EE1A8C2006B9FE3 /* utils.h */; };
		479EDC931E4370DA00AACD86 /* session.cc in Sources */ = {isa = PBXBuildFile; fileRef = 479EDC911E4370DA00AACD86 /* session.cc */; };
		479EDC941E4370DA00AACD86 /* session.h in Headers */ = {isa = PBXBuildFile; fileRef = 479EDC921E4370DA00AACD86 /* session.h */; };
		47A543DC1E7C2BC400902EDF /* libhiredis.a in Frameworks */ = {isa = PBXBuildFile; fileRef = 47A543D91E7C2B9D00902EDF /* libhiredis.a */; };
		47AACF251EE030650008648E /* jwt.h in Headers */ = {isa = PBXBuildFile; fileRef = 47AACF151EE030650008648E /* jwt.h */; };
		47AACF291EE030650008648E /* hmac.h in Headers */ = {isa = PBXBuildFile; fileRef = 47AACF1A1EE030650008648E /* hmac.h */; };
		47AACF2D1EE030650008648E /* utc_time.cc in Sources */ = {isa = PBXBuildFile; fileRef = 47AACF1E1EE030650008648E /* utc_time.cc */; };
		47AACF2E1EE030650008648E /* utc_time.h in Headers */ = {isa = PBXBuildFile; fileRef = 47AACF1F1EE030650008648E /* utc_time.h */; };
		47AACF3E1EE0494F0008648E /* writer.cc in Sources */ = {isa = PBXBuildFile; fileRef = 47AACF3A1EE0494F0008648E /* writer.cc */; };
		47AACF3F1EE0494F0008648E /* writer.h in Headers */ = {isa = PBXBuildFile; fileRef = 47AACF3B1EE0494F0008648E /* writer.h */; };
		47AACF411EE049B10008648E /* exception.h in Headers */ = {isa = PBXBuildFile; fileRef = 47AACF401EE049B10008648E /* exception.h */; };
		47AE9C9B1E23ECF7002BDAE6 /* bridge.h in Headers */ = {isa = PBXBuildFile; fileRef = 47AE9C371E23ECF7002BDAE6 /* bridge.h */; };
		47AE9C9C1E23ECF7002BDAE6 /* device.cc in Sources */ = {isa = PBXBuildFile; fileRef = 47AE9C381E23ECF7002BDAE6 /* device.cc */; };
		47AE9C9D1E23ECF7002BDAE6 /* device.h in Headers */ = {isa = PBXBuildFile; fileRef = 47AE9C391E23ECF7002BDAE6 /* device.h */; };
		47AE9C9F1E23ECF7002BDAE6 /* error.cc in Sources */ = {isa = PBXBuildFile; fileRef = 47AE9C3B1E23ECF7002BDAE6 /* error.cc */; };
		47AE9CA01E23ECF7002BDAE6 /* error.h in Headers */ = {isa = PBXBuildFile; fileRef = 47AE9C3C1E23ECF7002BDAE6 /* error.h */; };
		47AE9CA21E23ECF7002BDAE6 /* exception.h in Headers */ = {isa = PBXBuildFile; fileRef = 47AE9C3E1E23ECF7002BDAE6 /* exception.h */; };
		47AE9CA31E23ECF7002BDAE6 /* handler.cc in Sources */ = {isa = PBXBuildFile; fileRef = 47AE9C401E23ECF7002BDAE6 /* handler.cc */; };
		47AE9CA41E23ECF7002BDAE6 /* handler.h in Headers */ = {isa = PBXBuildFile; fileRef = 47AE9C411E23ECF7002BDAE6 /* handler.h */; };
		47AE9CA61E23ECF7002BDAE6 /* hub.cc in Sources */ = {isa = PBXBuildFile; fileRef = 47AE9C431E23ECF7002BDAE6 /* hub.cc */; };
		47AE9CA71E23ECF7002BDAE6 /* hub.h in Headers */ = {isa = PBXBuildFile; fileRef = 47AE9C441E23ECF7002BDAE6 /* hub.h */; };
		47AE9CA91E23ECF7002BDAE6 /* keep_alive_handler.cc in Sources */ = {isa = PBXBuildFile; fileRef = 47AE9C461E23ECF7002BDAE6 /* keep_alive_handler.cc */; };
		47AE9CAA1E23ECF7002BDAE6 /* keep_alive_handler.h in Headers */ = {isa = PBXBuildFile; fileRef = 47AE9C471E23ECF7002BDAE6 /* keep_alive_handler.h */; };
		47AE9CAC1E23ECF7002BDAE6 /* one_shot_handler.cc in Sources */ = {isa = PBXBuildFile; fileRef = 47AE9C491E23ECF7002BDAE6 /* one_shot_handler.cc */; };
		47AE9CAD1E23ECF7002BDAE6 /* one_shot_handler.h in Headers */ = {isa = PBXBuildFile; fileRef = 47AE9C4A1E23ECF7002BDAE6 /* one_shot_handler.h */; };
		47AE9CAF1E23ECF7002BDAE6 /* types.h in Headers */ = {isa = PBXBuildFile; fileRef = 47AE9C4C1E23ECF7002BDAE6 /* types.h */; };
		47AE9CB31E23ECF7002BDAE6 /* object.cc in Sources */ = {isa = PBXBuildFile; fileRef = 47AE9C511E23ECF7002BDAE6 /* object.cc */; };
		47AE9CB41E23ECF7002BDAE6 /* object.h in Headers */ = {isa = PBXBuildFile; fileRef = 47AE9C521E23ECF7002BDAE6 /* object.h */; };
		47AE9CB61E23ECF7002BDAE6 /* device.cc in Sources */ = {isa = PBXBuildFile; fileRef = 47AE9C551E23ECF7002BDAE6 /* device.cc */; };
		47AE9CB71E23ECF7002BDAE6 /* device.h in Headers */ = {isa = PBXBuildFile; fileRef = 47AE9C561E23ECF7002BDAE6 /* device.h */; };
		47AE9CB91E23ECF7002BDAE6 /* error.cc in Sources */ = {isa = PBXBuildFile; fileRef = 47AE9C581E23ECF7002BDAE6 /* error.cc */; };
		47AE9CBA1E23ECF7002BDAE6 /* error.h in Headers */ = {isa = PBXBuildFile; fileRef = 47AE9C591E23ECF7002BDAE6 /* error.h */; };
		47AE9CBC1E23ECF7002BDAE6 /* object.cc in Sources */ = {isa = PBXBuildFile; fileRef = 47AE9C5B1E23ECF7002BDAE6 /* object.cc */; };
		47AE9CBD1E23ECF7002BDAE6 /* object.h in Headers */ = {isa = PBXBuildFile; fileRef = 47AE9C5C1E23ECF7002BDAE6 /* object.h */; };
		47AE9CBF1E23ECF7002BDAE6 /* reply.cc in Sources */ = {isa = PBXBuildFile; fileRef = 47AE9C5E1E23ECF7002BDAE6 /* reply.cc */; };
		47AE9CC01E23ECF7002BDAE6 /* reply.h in Headers */ = {isa = PBXBuildFile; fileRef = 47AE9C5F1E23ECF7002BDAE6 /* reply.h */; };
		47AE9CC21E23ECF7002BDAE6 /* request.cc in Sources */ = {isa = PBXBuildFile; fileRef = 47AE9C611E23ECF7002BDAE6 /* request.cc */; };
		47AE9CC31E23ECF7002BDAE6 /* request.h in Headers */ = {isa = PBXBuildFile; fileRef = 47AE9C621E23ECF7002BDAE6 /* request.h */; };
		47AE9CC51E23ECF7002BDAE6 /* value.cc in Sources */ = {isa = PBXBuildFile; fileRef = 47AE9C641E23ECF7002BDAE6 /* value.cc */; };
		47AE9CC61E23ECF7002BDAE6 /* value.h in Headers */ = {isa = PBXBuildFile; fileRef = 47AE9C651E23ECF7002BDAE6 /* value.h */; };
		47AE9CC81E23ECF7002BDAE6 /* device.cc in Sources */ = {isa = PBXBuildFile; fileRef = 47AE9C681E23ECF7002BDAE6 /* device.cc */; };
		47AE9CC91E23ECF7002BDAE6 /* device.h in Headers */ = {isa = PBXBuildFile; fileRef = 47AE9C691E23ECF7002BDAE6 /* device.h */; };
		47AE9CCB1E23ECF7002BDAE6 /* error.cc in Sources */ = {isa = PBXBuildFile; fileRef = 47AE9C6B1E23ECF7002BDAE6 /* error.cc */; };
		47AE9CCC1E23ECF7002BDAE6 /* error.h in Headers */ = {isa = PBXBuildFile; fileRef = 47AE9C6C1E23ECF7002BDAE6 /* error.h */; };
		47AE9CCE1E23ECF7002BDAE6 /* includes.h in Headers */ = {isa = PBXBuildFile; fileRef = 47AE9C6E1E23ECF7002BDAE6 /* includes.h */; };
		47AE9CCF1E23ECF7002BDAE6 /* object.cc in Sources */ = {isa = PBXBuildFile; fileRef = 47AE9C6F1E23ECF7002BDAE6 /* object.cc */; };
		47AE9CD01E23ECF7002BDAE6 /* object.h in Headers */ = {isa = PBXBuildFile; fileRef = 47AE9C701E23ECF7002BDAE6 /* object.h */; };
		47AE9CD21E23ECF7002BDAE6 /* reply.cc in Sources */ = {isa = PBXBuildFile; fileRef = 47AE9C721E23ECF7002BDAE6 /* reply.cc */; };
		47AE9CD31E23ECF7002BDAE6 /* reply.h in Headers */ = {isa = PBXBuildFile; fileRef = 47AE9C731E23ECF7002BDAE6 /* reply.h */; };
		47AE9CD51E23ECF7002BDAE6 /* request.cc in Sources */ = {isa = PBXBuildFile; fileRef = 47AE9C751E23ECF7002BDAE6 /* request.cc */; };
		47AE9CD61E23ECF7002BDAE6 /* request.h in Headers */ = {isa = PBXBuildFile; fileRef = 47AE9C761E23ECF7002BDAE6 /* request.h */; };
		47AE9CD81E23ECF7002BDAE6 /* manager.cc in Sources */ = {isa = PBXBuildFile; fileRef = 47AE9C791E23ECF7002BDAE6 /* manager.cc */; };
		47AE9CD91E23ECF7002BDAE6 /* manager.h in Headers */ = {isa = PBXBuildFile; fileRef = 47AE9C7A1E23ECF7002BDAE6 /* manager.h */; };
		47AE9CDB1E23ECF7002BDAE6 /* reply.cc in Sources */ = {isa = PBXBuildFile; fileRef = 47AE9C7C1E23ECF7002BDAE6 /* reply.cc */; };
		47AE9CDC1E23ECF7002BDAE6 /* reply.h in Headers */ = {isa = PBXBuildFile; fileRef = 47AE9C7D1E23ECF7002BDAE6 /* reply.h */; };
		47AE9CDE1E23ECF7002BDAE6 /* request.cc in Sources */ = {isa = PBXBuildFile; fileRef = 47AE9C7F1E23ECF7002BDAE6 /* request.cc */; };
		47AE9CDF1E23ECF7002BDAE6 /* request.h in Headers */ = {isa = PBXBuildFile; fileRef = 47AE9C801E23ECF7002BDAE6 /* request.h */; };
		47AE9CE11E23ECF7002BDAE6 /* value.cc in Sources */ = {isa = PBXBuildFile; fileRef = 47AE9C821E23ECF7002BDAE6 /* value.cc */; };
		47AE9CE21E23ECF7002BDAE6 /* value.h in Headers */ = {isa = PBXBuildFile; fileRef = 47AE9C831E23ECF7002BDAE6 /* value.h */; };
		47AE9CE41E23ECF7002BDAE6 /* request.cc in Sources */ = {isa = PBXBuildFile; fileRef = 47AE9C851E23ECF7002BDAE6 /* request.cc */; };
		47AE9CE51E23ECF7002BDAE6 /* request.h in Headers */ = {isa = PBXBuildFile; fileRef = 47AE9C861E23ECF7002BDAE6 /* request.h */; };
		47AE9CE71E23ECF7002BDAE6 /* result.cc in Sources */ = {isa = PBXBuildFile; fileRef = 47AE9C881E23ECF7002BDAE6 /* result.cc */; };
		47AE9CE81E23ECF7002BDAE6 /* result.h in Headers */ = {isa = PBXBuildFile; fileRef = 47AE9C891E23ECF7002BDAE6 /* result.h */; };
		47AE9CEA1E23ECF7002BDAE6 /* object.cc in Sources */ = {isa = PBXBuildFile; fileRef = 47AE9C8C1E23ECF7002BDAE6 /* object.cc */; };
		47AE9CEB1E23ECF7002BDAE6 /* object.h in Headers */ = {isa = PBXBuildFile; fileRef = 47AE9C8D1E23ECF7002BDAE6 /* object.h */; };
		47AE9CED1E23ECF7002BDAE6 /* scheduler.cc in Sources */ = {isa = PBXBuildFile; fileRef = 47AE9C8F1E23ECF7002BDAE6 /* scheduler.cc */; };
		47AE9CEE1E23ECF7002BDAE6 /* scheduler.h in Headers */ = {isa = PBXBuildFile; fileRef = 47AE9C901E23ECF7002BDAE6 /* scheduler.h */; };
		47AE9CF01E23ECF7002BDAE6 /* subscription.cc in Sources */ = {isa = PBXBuildFile; fileRef = 47AE9C921E23ECF7002BDAE6 /* subscription.cc */; };
		47AE9CF11E23ECF7002BDAE6 /* subscription.h in Headers */ = {isa = PBXBuildFile; fileRef = 47AE9C931E23ECF7002BDAE6 /* subscription.h */; };
		47AE9CF31E23ECF7002BDAE6 /* task.cc in Sources */ = {isa = PBXBuildFile; fileRef = 47AE9C951E23ECF7002BDAE6 /* task.cc */; };
		47AE9CF41E23ECF7002BDAE6 /* task.h in Headers */ = {isa = PBXBuildFile; fileRef = 47AE9C961E23ECF7002BDAE6 /* task.h */; };
		47AE9CF61E23ECF7002BDAE6 /* unique_id_generator.cc in Sources */ = {isa = PBXBuildFile; fileRef = 47AE9C981E23ECF7002BDAE6 /* unique_id_generator.cc */; };
		47AE9CF71E23ECF7002BDAE6 /* unique_id_generator.h in Headers */ = {isa = PBXBuildFile; fileRef = 47AE9C991E23ECF7002BDAE6 /* unique_id_generator.h */; };
		47CB417E1E23F272004FE268 /* libevent.a in Frameworks */ = {isa = PBXBuildFile; fileRef = 47CB417D1E23F272004FE268 /* libevent.a */; };
		47EDE3881E72F98F00C48CB2 /* device.cc in Sources */ = {isa = PBXBuildFile; fileRef = 47EDE3751E72F98F00C48CB2 /* device.cc */; };
		47EDE3891E72F98F00C48CB2 /* device.h in Headers */ = {isa = PBXBuildFile; fileRef = 47EDE3761E72F98F00C48CB2 /* device.h */; };
		47EDE38A1E72F98F00C48CB2 /* error.cc in Sources */ = {isa = PBXBuildFile; fileRef = 47EDE3771E72F98F00C48CB2 /* error.cc */; };
		47EDE38B1E72F98F00C48CB2 /* error.h in Headers */ = {isa = PBXBuildFile; fileRef = 47EDE3781E72F98F00C48CB2 /* error.h */; };
		47EDE38D1E72F98F00C48CB2 /* http.cc in Sources */ = {isa = PBXBuildFile; fileRef = 47EDE37A1E72F98F00C48CB2 /* http.cc */; };
		47EDE38E1E72F98F00C48CB2 /* http.h in Headers */ = {isa = PBXBuildFile; fileRef = 47EDE37B1E72F98F00C48CB2 /* http.h */; };
		47EDE38F1E72F98F00C48CB2 /* object.cc in Sources */ = {isa = PBXBuildFile; fileRef = 47EDE37C1E72F98F00C48CB2 /* object.cc */; };
		47EDE3901E72F98F00C48CB2 /* object.h in Headers */ = {isa = PBXBuildFile; fileRef = 47EDE37D1E72F98F00C48CB2 /* object.h */; };
		47EDE3921E72F98F00C48CB2 /* reply.cc in Sources */ = {isa = PBXBuildFile; fileRef = 47EDE37F1E72F98F00C48CB2 /* reply.cc */; };
		47EDE3931E72F98F00C48CB2 /* reply.h in Headers */ = {isa = PBXBuildFile; fileRef = 47EDE3801E72F98F00C48CB2 /* reply.h */; };
		47EDE3951E72F98F00C48CB2 /* request.cc in Sources */ = {isa = PBXBuildFile; fileRef = 47EDE3821E72F98F00C48CB2 /* request.cc */; };
		47EDE3961E72F98F00C48CB2 /* request.h in Headers */ = {isa = PBXBuildFile; fileRef = 47EDE3831E72F98F00C48CB2 /* request.h */; };
		47EDE3981E72F98F00C48CB2 /* value.cc in Sources */ = {isa = PBXBuildFile; fileRef = 47EDE3851E72F98F00C48CB2 /* value.cc */; };
		47EDE3991E72F98F00C48CB2 /* value.h in Headers */ = {isa = PBXBuildFile; fileRef = 47EDE3861E72F98F00C48CB2 /* value.h */; };
		47F3974D1ED6CD84001C7828 /* b64.h in Headers */ = {isa = PBXBuildFile; fileRef = 47F397421ED6CD84001C7828 /* b64.h */; };
		47F3974E1ED6CD84001C7828 /* exception.h in Headers */ = {isa = PBXBuildFile; fileRef = 47F397431ED6CD84001C7828 /* exception.h */; };
		47F397701ED6D18C001C7828 /* exception.h in Headers */ = {isa = PBXBuildFile; fileRef = 47F397671ED6D18C001C7828 /* exception.h */; };
		47F397711ED6D18C001C7828 /* jwt.cc in Sources */ = {isa = PBXBuildFile; fileRef = 47F397681ED6D18C001C7828 /* jwt.cc */; };
		47F397731ED6D18C001C7828 /* exception.h in Headers */ = {isa = PBXBuildFile; fileRef = 47F3976B1ED6D18C001C7828 /* exception.h */; };
		47F397741ED6D18C001C7828 /* hmac.cc in Sources */ = {isa = PBXBuildFile; fileRef = 47F3976C1ED6D18C001C7828 /* hmac.cc */; };
		47F397761ED6D18C001C7828 /* rsa.cc in Sources */ = {isa = PBXBuildFile; fileRef = 47F3976E1ED6D18C001C7828 /* rsa.cc */; };
		47F397771ED6D18C001C7828 /* rsa.h in Headers */ = {isa = PBXBuildFile; fileRef = 47F3976F1ED6D18C001C7828 /* rsa.h */; };
/* End PBXBuildFile section */

/* Begin PBXContainerItemProxy section */
		47A543D81E7C2B9D00902EDF /* PBXContainerItemProxy */ = {
			isa = PBXContainerItemProxy;
			containerPortal = 47A543D41E7C2B9D00902EDF /* hiredis.xcodeproj */;
			proxyType = 2;
			remoteGlobalIDString = 47DADA551D95297E002A7C53;
			remoteInfo = hiredis;
		};
		47A543DA1E7C2BA100902EDF /* PBXContainerItemProxy */ = {
			isa = PBXContainerItemProxy;
			containerPortal = 47A543D41E7C2B9D00902EDF /* hiredis.xcodeproj */;
			proxyType = 1;
			remoteGlobalIDString = 47DADA541D95297E002A7C53;
			remoteInfo = hiredis;
		};
/* End PBXContainerItemProxy section */

/* Begin PBXFileReference section */
		4708D31C1EE84C5400EFEA22 /* consumer.cc */ = {isa = PBXFileReference; fileEncoding = 4; lastKnownFileType = sourcecode.cpp.cpp; path = consumer.cc; sourceTree = "<group>"; };
		4708D31D1EE84C5400EFEA22 /* consumer.h */ = {isa = PBXFileReference; fileEncoding = 4; lastKnownFileType = sourcecode.c.h; path = consumer.h; sourceTree = "<group>"; };
		4708D31E1EE84C5400EFEA22 /* types.h */ = {isa = PBXFileReference; fileEncoding = 4; lastKnownFileType = sourcecode.c.h; path = types.h; sourceTree = "<group>"; };
		4708D3221EE84C7A00EFEA22 /* producer.cc */ = {isa = PBXFileReference; fileEncoding = 4; lastKnownFileType = sourcecode.cpp.cpp; path = producer.cc; sourceTree = "<group>"; };
		4708D3231EE84C7A00EFEA22 /* producer.h */ = {isa = PBXFileReference; fileEncoding = 4; lastKnownFileType = sourcecode.c.h; path = producer.h; sourceTree = "<group>"; };
		4729C25A1E449F24007331D6 /* session.cc */ = {isa = PBXFileReference; fileEncoding = 4; lastKnownFileType = sourcecode.cpp.cpp; path = session.cc; sourceTree = "<group>"; };
		4729C25B1E449F24007331D6 /* session.h */ = {isa = PBXFileReference; fileEncoding = 4; lastKnownFileType = sourcecode.c.h; path = session.h; sourceTree = "<group>"; };
		472FEA3A1E25510C0033D258 /* libpq.tbd */ = {isa = PBXFileReference; lastKnownFileType = "sourcecode.text-based-dylib-definition"; name = libpq.tbd; path = usr/lib/libpq.tbd; sourceTree = SDKROOT; };
		472FEA4A1E25557E0033D258 /* json_api.cc */ = {isa = PBXFileReference; fileEncoding = 4; lastKnownFileType = sourcecode.cpp.cpp; path = json_api.cc; sourceTree = "<group>"; };
		472FEA4B1E25557E0033D258 /* json_api.h */ = {isa = PBXFileReference; fileEncoding = 4; lastKnownFileType = sourcecode.c.h; path = json_api.h; sourceTree = "<group>"; };
		476EF7CA1E23EC91004A13C2 /* libconnectors.a */ = {isa = PBXFileReference; explicitFileType = archive.ar; includeInIndex = 0; path = libconnectors.a; sourceTree = BUILT_PRODUCTS_DIR; };
		4775AD631EE15DAC006B9FE3 /* tracker.cc */ = {isa = PBXFileReference; fileEncoding = 4; lastKnownFileType = sourcecode.cpp.cpp; path = tracker.cc; sourceTree = "<group>"; };
		4775AD641EE15DAC006B9FE3 /* tracker.h */ = {isa = PBXFileReference; fileEncoding = 4; lastKnownFileType = sourcecode.c.h; path = tracker.h; sourceTree = "<group>"; };
		4775AD6C1EE15F12006B9FE3 /* singleton.cc */ = {isa = PBXFileReference; fileEncoding = 4; lastKnownFileType = sourcecode.cpp.cpp; path = singleton.cc; sourceTree = "<group>"; };
		4775AD6D1EE15F12006B9FE3 /* singleton.h */ = {isa = PBXFileReference; fileEncoding = 4; lastKnownFileType = sourcecode.c.h; path = singleton.h; sourceTree = "<group>"; };
		4775AD711EE16288006B9FE3 /* tracker.cc */ = {isa = PBXFileReference; fileEncoding = 4; lastKnownFileType = sourcecode.cpp.cpp; path = tracker.cc; sourceTree = "<group>"; };
		4775AD721EE16288006B9FE3 /* tracker.h */ = {isa = PBXFileReference; fileEncoding = 4; lastKnownFileType = sourcecode.c.h; path = tracker.h; sourceTree = "<group>"; };
		4775AD821EE1A8C2006B9FE3 /* utils.cc */ = {isa = PBXFileReference; fileEncoding = 4; lastKnownFileType = sourcecode.cpp.cpp; path = utils.cc; sourceTree = "<group>"; };
		4775AD831EE1A8C2006B9FE3 /* utils.h */ = {isa = PBXFileReference; fileEncoding = 4; lastKnownFileType = sourcecode.c.h; path = utils.h; sourceTree = "<group>"; };
		477630D420629772006A1764 /* libpcre.tbd */ = {isa = PBXFileReference; lastKnownFileType = "sourcecode.text-based-dylib-definition"; name = libpcre.tbd; path = usr/lib/libpcre.tbd; sourceTree = SDKROOT; };
		479EDC911E4370DA00AACD86 /* session.cc */ = {isa = PBXFileReference; fileEncoding = 4; lastKnownFileType = sourcecode.cpp.cpp; path = session.cc; sourceTree = "<group>"; };
		479EDC921E4370DA00AACD86 /* session.h */ = {isa = PBXFileReference; fileEncoding = 4; lastKnownFileType = sourcecode.c.h; path = session.h; sourceTree = "<group>"; };
		47A543D21E7C2A4D00902EDF /* libhiredis.a */ = {isa = PBXFileReference; lastKnownFileType = archive.ar; name = libhiredis.a; path = "../casper-nginx-broker/out/darwin/Products/Debug/libhiredis.a"; sourceTree = "<group>"; };
		47A543D41E7C2B9D00902EDF /* hiredis.xcodeproj */ = {isa = PBXFileReference; lastKnownFileType = "wrapper.pb-project"; name = hiredis.xcodeproj; path = "third-party/hiredis.xcodeproj"; sourceTree = "<group>"; };
		47AACF131EE030650008648E /* exception.h */ = {isa = PBXFileReference; fileEncoding = 4; lastKnownFileType = sourcecode.c.h; path = exception.h; sourceTree = "<group>"; };
		47AACF141EE030650008648E /* jwt.cc */ = {isa = PBXFileReference; fileEncoding = 4; lastKnownFileType = sourcecode.cpp.cpp; path = jwt.cc; sourceTree = "<group>"; };
		47AACF151EE030650008648E /* jwt.h */ = {isa = PBXFileReference; fileEncoding = 4; lastKnownFileType = sourcecode.c.h; path = jwt.h; sourceTree = "<group>"; };
		47AACF161EE030650008648E /* b64.h */ = {isa = PBXFileReference; fileEncoding = 4; lastKnownFileType = sourcecode.c.h; path = b64.h; sourceTree = "<group>"; };
		47AACF181EE030650008648E /* exception.h */ = {isa = PBXFileReference; fileEncoding = 4; lastKnownFileType = sourcecode.c.h; path = exception.h; sourceTree = "<group>"; };
		47AACF191EE030650008648E /* hmac.cc */ = {isa = PBXFileReference; fileEncoding = 4; lastKnownFileType = sourcecode.cpp.cpp; path = hmac.cc; sourceTree = "<group>"; };
		47AACF1A1EE030650008648E /* hmac.h */ = {isa = PBXFileReference; fileEncoding = 4; lastKnownFileType = sourcecode.c.h; path = hmac.h; sourceTree = "<group>"; };
		47AACF1B1EE030650008648E /* rsa.cc */ = {isa = PBXFileReference; fileEncoding = 4; lastKnownFileType = sourcecode.cpp.cpp; path = rsa.cc; sourceTree = "<group>"; };
		47AACF1C1EE030650008648E /* rsa.h */ = {isa = PBXFileReference; fileEncoding = 4; lastKnownFileType = sourcecode.c.h; path = rsa.h; sourceTree = "<group>"; };
		47AACF1D1EE030650008648E /* exception.h */ = {isa = PBXFileReference; fileEncoding = 4; lastKnownFileType = sourcecode.c.h; path = exception.h; sourceTree = "<group>"; };
		47AACF1E1EE030650008648E /* utc_time.cc */ = {isa = PBXFileReference; fileEncoding = 4; lastKnownFileType = sourcecode.cpp.cpp; path = utc_time.cc; sourceTree = "<group>"; };
		47AACF1F1EE030650008648E /* utc_time.h */ = {isa = PBXFileReference; fileEncoding = 4; lastKnownFileType = sourcecode.c.h; path = utc_time.h; sourceTree = "<group>"; };
		47AACF3A1EE0494F0008648E /* writer.cc */ = {isa = PBXFileReference; fileEncoding = 4; lastKnownFileType = sourcecode.cpp.cpp; path = writer.cc; sourceTree = "<group>"; };
		47AACF3B1EE0494F0008648E /* writer.h */ = {isa = PBXFileReference; fileEncoding = 4; lastKnownFileType = sourcecode.c.h; path = writer.h; sourceTree = "<group>"; };
		47AACF401EE049B10008648E /* exception.h */ = {isa = PBXFileReference; fileEncoding = 4; lastKnownFileType = sourcecode.c.h; path = exception.h; sourceTree = "<group>"; };
		47AE9C371E23ECF7002BDAE6 /* bridge.h */ = {isa = PBXFileReference; fileEncoding = 4; lastKnownFileType = sourcecode.c.h; path = bridge.h; sourceTree = "<group>"; };
		47AE9C381E23ECF7002BDAE6 /* device.cc */ = {isa = PBXFileReference; fileEncoding = 4; lastKnownFileType = sourcecode.cpp.cpp; path = device.cc; sourceTree = "<group>"; };
		47AE9C391E23ECF7002BDAE6 /* device.h */ = {isa = PBXFileReference; fileEncoding = 4; lastKnownFileType = sourcecode.c.h; path = device.h; sourceTree = "<group>"; };
		47AE9C3B1E23ECF7002BDAE6 /* error.cc */ = {isa = PBXFileReference; fileEncoding = 4; lastKnownFileType = sourcecode.cpp.cpp; path = error.cc; sourceTree = "<group>"; };
		47AE9C3C1E23ECF7002BDAE6 /* error.h */ = {isa = PBXFileReference; fileEncoding = 4; lastKnownFileType = sourcecode.c.h; path = error.h; sourceTree = "<group>"; };
		47AE9C3E1E23ECF7002BDAE6 /* exception.h */ = {isa = PBXFileReference; fileEncoding = 4; lastKnownFileType = sourcecode.c.h; path = exception.h; sourceTree = "<group>"; };
		47AE9C401E23ECF7002BDAE6 /* handler.cc */ = {isa = PBXFileReference; fileEncoding = 4; lastKnownFileType = sourcecode.cpp.cpp; path = handler.cc; sourceTree = "<group>"; };
		47AE9C411E23ECF7002BDAE6 /* handler.h */ = {isa = PBXFileReference; fileEncoding = 4; lastKnownFileType = sourcecode.c.h; path = handler.h; sourceTree = "<group>"; };
		47AE9C431E23ECF7002BDAE6 /* hub.cc */ = {isa = PBXFileReference; fileEncoding = 4; lastKnownFileType = sourcecode.cpp.cpp; path = hub.cc; sourceTree = "<group>"; };
		47AE9C441E23ECF7002BDAE6 /* hub.h */ = {isa = PBXFileReference; fileEncoding = 4; lastKnownFileType = sourcecode.c.h; path = hub.h; sourceTree = "<group>"; };
		47AE9C461E23ECF7002BDAE6 /* keep_alive_handler.cc */ = {isa = PBXFileReference; fileEncoding = 4; lastKnownFileType = sourcecode.cpp.cpp; path = keep_alive_handler.cc; sourceTree = "<group>"; };
		47AE9C471E23ECF7002BDAE6 /* keep_alive_handler.h */ = {isa = PBXFileReference; fileEncoding = 4; lastKnownFileType = sourcecode.c.h; path = keep_alive_handler.h; sourceTree = "<group>"; };
		47AE9C491E23ECF7002BDAE6 /* one_shot_handler.cc */ = {isa = PBXFileReference; fileEncoding = 4; lastKnownFileType = sourcecode.cpp.cpp; path = one_shot_handler.cc; sourceTree = "<group>"; };
		47AE9C4A1E23ECF7002BDAE6 /* one_shot_handler.h */ = {isa = PBXFileReference; fileEncoding = 4; lastKnownFileType = sourcecode.c.h; path = one_shot_handler.h; sourceTree = "<group>"; };
		47AE9C4C1E23ECF7002BDAE6 /* types.h */ = {isa = PBXFileReference; fileEncoding = 4; lastKnownFileType = sourcecode.c.h; path = types.h; sourceTree = "<group>"; };
		47AE9C4E1E23ECF7002BDAE6 /* bridge.cc */ = {isa = PBXFileReference; fileEncoding = 4; lastKnownFileType = sourcecode.cpp.cpp; path = bridge.cc; sourceTree = "<group>"; };
		47AE9C4F1E23ECF7002BDAE6 /* bridge.h */ = {isa = PBXFileReference; fileEncoding = 4; lastKnownFileType = sourcecode.c.h; path = bridge.h; sourceTree = "<group>"; };
		47AE9C511E23ECF7002BDAE6 /* object.cc */ = {isa = PBXFileReference; fileEncoding = 4; lastKnownFileType = sourcecode.cpp.cpp; path = object.cc; sourceTree = "<group>"; };
		47AE9C521E23ECF7002BDAE6 /* object.h */ = {isa = PBXFileReference; fileEncoding = 4; lastKnownFileType = sourcecode.c.h; path = object.h; sourceTree = "<group>"; };
		47AE9C551E23ECF7002BDAE6 /* device.cc */ = {isa = PBXFileReference; fileEncoding = 4; lastKnownFileType = sourcecode.cpp.cpp; path = device.cc; sourceTree = "<group>"; };
		47AE9C561E23ECF7002BDAE6 /* device.h */ = {isa = PBXFileReference; fileEncoding = 4; lastKnownFileType = sourcecode.c.h; path = device.h; sourceTree = "<group>"; };
		47AE9C581E23ECF7002BDAE6 /* error.cc */ = {isa = PBXFileReference; fileEncoding = 4; lastKnownFileType = sourcecode.cpp.cpp; path = error.cc; sourceTree = "<group>"; };
		47AE9C591E23ECF7002BDAE6 /* error.h */ = {isa = PBXFileReference; fileEncoding = 4; lastKnownFileType = sourcecode.c.h; path = error.h; sourceTree = "<group>"; };
		47AE9C5B1E23ECF7002BDAE6 /* object.cc */ = {isa = PBXFileReference; fileEncoding = 4; lastKnownFileType = sourcecode.cpp.cpp; path = object.cc; sourceTree = "<group>"; };
		47AE9C5C1E23ECF7002BDAE6 /* object.h */ = {isa = PBXFileReference; fileEncoding = 4; lastKnownFileType = sourcecode.c.h; path = object.h; sourceTree = "<group>"; };
		47AE9C5E1E23ECF7002BDAE6 /* reply.cc */ = {isa = PBXFileReference; fileEncoding = 4; lastKnownFileType = sourcecode.cpp.cpp; path = reply.cc; sourceTree = "<group>"; };
		47AE9C5F1E23ECF7002BDAE6 /* reply.h */ = {isa = PBXFileReference; fileEncoding = 4; lastKnownFileType = sourcecode.c.h; path = reply.h; sourceTree = "<group>"; };
		47AE9C611E23ECF7002BDAE6 /* request.cc */ = {isa = PBXFileReference; fileEncoding = 4; lastKnownFileType = sourcecode.cpp.cpp; path = request.cc; sourceTree = "<group>"; };
		47AE9C621E23ECF7002BDAE6 /* request.h */ = {isa = PBXFileReference; fileEncoding = 4; lastKnownFileType = sourcecode.c.h; path = request.h; sourceTree = "<group>"; };
		47AE9C641E23ECF7002BDAE6 /* value.cc */ = {isa = PBXFileReference; fileEncoding = 4; lastKnownFileType = sourcecode.cpp.cpp; path = value.cc; sourceTree = "<group>"; };
		47AE9C651E23ECF7002BDAE6 /* value.h */ = {isa = PBXFileReference; fileEncoding = 4; lastKnownFileType = sourcecode.c.h; path = value.h; sourceTree = "<group>"; };
		47AE9C681E23ECF7002BDAE6 /* device.cc */ = {isa = PBXFileReference; fileEncoding = 4; lastKnownFileType = sourcecode.cpp.cpp; path = device.cc; sourceTree = "<group>"; };
		47AE9C691E23ECF7002BDAE6 /* device.h */ = {isa = PBXFileReference; fileEncoding = 4; lastKnownFileType = sourcecode.c.h; path = device.h; sourceTree = "<group>"; };
		47AE9C6B1E23ECF7002BDAE6 /* error.cc */ = {isa = PBXFileReference; fileEncoding = 4; lastKnownFileType = sourcecode.cpp.cpp; path = error.cc; sourceTree = "<group>"; };
		47AE9C6C1E23ECF7002BDAE6 /* error.h */ = {isa = PBXFileReference; fileEncoding = 4; lastKnownFileType = sourcecode.c.h; path = error.h; sourceTree = "<group>"; };
		47AE9C6E1E23ECF7002BDAE6 /* includes.h */ = {isa = PBXFileReference; fileEncoding = 4; lastKnownFileType = sourcecode.c.h; path = includes.h; sourceTree = "<group>"; };
		47AE9C6F1E23ECF7002BDAE6 /* object.cc */ = {isa = PBXFileReference; fileEncoding = 4; lastKnownFileType = sourcecode.cpp.cpp; path = object.cc; sourceTree = "<group>"; };
		47AE9C701E23ECF7002BDAE6 /* object.h */ = {isa = PBXFileReference; fileEncoding = 4; lastKnownFileType = sourcecode.c.h; path = object.h; sourceTree = "<group>"; };
		47AE9C721E23ECF7002BDAE6 /* reply.cc */ = {isa = PBXFileReference; fileEncoding = 4; lastKnownFileType = sourcecode.cpp.cpp; path = reply.cc; sourceTree = "<group>"; };
		47AE9C731E23ECF7002BDAE6 /* reply.h */ = {isa = PBXFileReference; fileEncoding = 4; lastKnownFileType = sourcecode.c.h; path = reply.h; sourceTree = "<group>"; };
		47AE9C751E23ECF7002BDAE6 /* request.cc */ = {isa = PBXFileReference; fileEncoding = 4; lastKnownFileType = sourcecode.cpp.cpp; path = request.cc; sourceTree = "<group>"; };
		47AE9C761E23ECF7002BDAE6 /* request.h */ = {isa = PBXFileReference; fileEncoding = 4; lastKnownFileType = sourcecode.c.h; path = request.h; sourceTree = "<group>"; };
		47AE9C791E23ECF7002BDAE6 /* manager.cc */ = {isa = PBXFileReference; fileEncoding = 4; lastKnownFileType = sourcecode.cpp.cpp; path = manager.cc; sourceTree = "<group>"; };
		47AE9C7A1E23ECF7002BDAE6 /* manager.h */ = {isa = PBXFileReference; fileEncoding = 4; lastKnownFileType = sourcecode.c.h; path = manager.h; sourceTree = "<group>"; };
		47AE9C7C1E23ECF7002BDAE6 /* reply.cc */ = {isa = PBXFileReference; fileEncoding = 4; lastKnownFileType = sourcecode.cpp.cpp; path = reply.cc; sourceTree = "<group>"; };
		47AE9C7D1E23ECF7002BDAE6 /* reply.h */ = {isa = PBXFileReference; fileEncoding = 4; lastKnownFileType = sourcecode.c.h; path = reply.h; sourceTree = "<group>"; };
		47AE9C7F1E23ECF7002BDAE6 /* request.cc */ = {isa = PBXFileReference; fileEncoding = 4; lastKnownFileType = sourcecode.cpp.cpp; path = request.cc; sourceTree = "<group>"; };
		47AE9C801E23ECF7002BDAE6 /* request.h */ = {isa = PBXFileReference; fileEncoding = 4; lastKnownFileType = sourcecode.c.h; path = request.h; sourceTree = "<group>"; };
		47AE9C821E23ECF7002BDAE6 /* value.cc */ = {isa = PBXFileReference; fileEncoding = 4; lastKnownFileType = sourcecode.cpp.cpp; path = value.cc; sourceTree = "<group>"; };
		47AE9C831E23ECF7002BDAE6 /* value.h */ = {isa = PBXFileReference; fileEncoding = 4; lastKnownFileType = sourcecode.c.h; path = value.h; sourceTree = "<group>"; };
		47AE9C851E23ECF7002BDAE6 /* request.cc */ = {isa = PBXFileReference; fileEncoding = 4; lastKnownFileType = sourcecode.cpp.cpp; path = request.cc; sourceTree = "<group>"; };
		47AE9C861E23ECF7002BDAE6 /* request.h */ = {isa = PBXFileReference; fileEncoding = 4; lastKnownFileType = sourcecode.c.h; path = request.h; sourceTree = "<group>"; };
		47AE9C881E23ECF7002BDAE6 /* result.cc */ = {isa = PBXFileReference; fileEncoding = 4; lastKnownFileType = sourcecode.cpp.cpp; path = result.cc; sourceTree = "<group>"; };
		47AE9C891E23ECF7002BDAE6 /* result.h */ = {isa = PBXFileReference; fileEncoding = 4; lastKnownFileType = sourcecode.c.h; path = result.h; sourceTree = "<group>"; };
		47AE9C8C1E23ECF7002BDAE6 /* object.cc */ = {isa = PBXFileReference; fileEncoding = 4; lastKnownFileType = sourcecode.cpp.cpp; path = object.cc; sourceTree = "<group>"; };
		47AE9C8D1E23ECF7002BDAE6 /* object.h */ = {isa = PBXFileReference; fileEncoding = 4; lastKnownFileType = sourcecode.c.h; path = object.h; sourceTree = "<group>"; };
		47AE9C8F1E23ECF7002BDAE6 /* scheduler.cc */ = {isa = PBXFileReference; fileEncoding = 4; lastKnownFileType = sourcecode.cpp.cpp; path = scheduler.cc; sourceTree = "<group>"; };
		47AE9C901E23ECF7002BDAE6 /* scheduler.h */ = {isa = PBXFileReference; fileEncoding = 4; lastKnownFileType = sourcecode.c.h; path = scheduler.h; sourceTree = "<group>"; };
		47AE9C921E23ECF7002BDAE6 /* subscription.cc */ = {isa = PBXFileReference; fileEncoding = 4; lastKnownFileType = sourcecode.cpp.cpp; path = subscription.cc; sourceTree = "<group>"; };
		47AE9C931E23ECF7002BDAE6 /* subscription.h */ = {isa = PBXFileReference; fileEncoding = 4; lastKnownFileType = sourcecode.c.h; path = subscription.h; sourceTree = "<group>"; };
		47AE9C951E23ECF7002BDAE6 /* task.cc */ = {isa = PBXFileReference; fileEncoding = 4; lastKnownFileType = sourcecode.cpp.cpp; path = task.cc; sourceTree = "<group>"; };
		47AE9C961E23ECF7002BDAE6 /* task.h */ = {isa = PBXFileReference; fileEncoding = 4; lastKnownFileType = sourcecode.c.h; path = task.h; sourceTree = "<group>"; };
		47AE9C981E23ECF7002BDAE6 /* unique_id_generator.cc */ = {isa = PBXFileReference; fileEncoding = 4; lastKnownFileType = sourcecode.cpp.cpp; path = unique_id_generator.cc; sourceTree = "<group>"; };
		47AE9C991E23ECF7002BDAE6 /* unique_id_generator.h */ = {isa = PBXFileReference; fileEncoding = 4; lastKnownFileType = sourcecode.c.h; path = unique_id_generator.h; sourceTree = "<group>"; };
		47CB417D1E23F272004FE268 /* libevent.a */ = {isa = PBXFileReference; lastKnownFileType = archive.ar; name = libevent.a; path = /usr/local/opt/libevent/lib/libevent.a; sourceTree = "<absolute>"; };
		47CB41861E23F55F004FE268 /* includes.h */ = {isa = PBXFileReference; fileEncoding = 4; lastKnownFileType = sourcecode.c.h; path = includes.h; sourceTree = "<group>"; };
		47EDE3751E72F98F00C48CB2 /* device.cc */ = {isa = PBXFileReference; fileEncoding = 4; lastKnownFileType = sourcecode.cpp.cpp; path = device.cc; sourceTree = "<group>"; };
		47EDE3761E72F98F00C48CB2 /* device.h */ = {isa = PBXFileReference; fileEncoding = 4; lastKnownFileType = sourcecode.c.h; path = device.h; sourceTree = "<group>"; };
		47EDE3771E72F98F00C48CB2 /* error.cc */ = {isa = PBXFileReference; fileEncoding = 4; lastKnownFileType = sourcecode.cpp.cpp; path = error.cc; sourceTree = "<group>"; };
		47EDE3781E72F98F00C48CB2 /* error.h */ = {isa = PBXFileReference; fileEncoding = 4; lastKnownFileType = sourcecode.c.h; path = error.h; sourceTree = "<group>"; };
		47EDE37A1E72F98F00C48CB2 /* http.cc */ = {isa = PBXFileReference; fileEncoding = 4; lastKnownFileType = sourcecode.cpp.cpp; path = http.cc; sourceTree = "<group>"; };
		47EDE37B1E72F98F00C48CB2 /* http.h */ = {isa = PBXFileReference; fileEncoding = 4; lastKnownFileType = sourcecode.c.h; path = http.h; sourceTree = "<group>"; };
		47EDE37C1E72F98F00C48CB2 /* object.cc */ = {isa = PBXFileReference; fileEncoding = 4; lastKnownFileType = sourcecode.cpp.cpp; path = object.cc; sourceTree = "<group>"; };
		47EDE37D1E72F98F00C48CB2 /* object.h */ = {isa = PBXFileReference; fileEncoding = 4; lastKnownFileType = sourcecode.c.h; path = object.h; sourceTree = "<group>"; };
		47EDE37F1E72F98F00C48CB2 /* reply.cc */ = {isa = PBXFileReference; fileEncoding = 4; lastKnownFileType = sourcecode.cpp.cpp; path = reply.cc; sourceTree = "<group>"; };
		47EDE3801E72F98F00C48CB2 /* reply.h */ = {isa = PBXFileReference; fileEncoding = 4; lastKnownFileType = sourcecode.c.h; path = reply.h; sourceTree = "<group>"; };
		47EDE3821E72F98F00C48CB2 /* request.cc */ = {isa = PBXFileReference; fileEncoding = 4; lastKnownFileType = sourcecode.cpp.cpp; path = request.cc; sourceTree = "<group>"; };
		47EDE3831E72F98F00C48CB2 /* request.h */ = {isa = PBXFileReference; fileEncoding = 4; lastKnownFileType = sourcecode.c.h; path = request.h; sourceTree = "<group>"; };
		47EDE3851E72F98F00C48CB2 /* value.cc */ = {isa = PBXFileReference; fileEncoding = 4; lastKnownFileType = sourcecode.cpp.cpp; path = value.cc; sourceTree = "<group>"; };
		47EDE3861E72F98F00C48CB2 /* value.h */ = {isa = PBXFileReference; fileEncoding = 4; lastKnownFileType = sourcecode.c.h; path = value.h; sourceTree = "<group>"; };
		47F397421ED6CD84001C7828 /* b64.h */ = {isa = PBXFileReference; fileEncoding = 4; lastKnownFileType = sourcecode.c.h; path = b64.h; sourceTree = "<group>"; };
		47F397431ED6CD84001C7828 /* exception.h */ = {isa = PBXFileReference; fileEncoding = 4; lastKnownFileType = sourcecode.c.h; path = exception.h; sourceTree = "<group>"; };
		47F397671ED6D18C001C7828 /* exception.h */ = {isa = PBXFileReference; fileEncoding = 4; lastKnownFileType = sourcecode.c.h; path = exception.h; sourceTree = "<group>"; };
		47F397681ED6D18C001C7828 /* jwt.cc */ = {isa = PBXFileReference; fileEncoding = 4; lastKnownFileType = sourcecode.cpp.cpp; path = jwt.cc; sourceTree = "<group>"; };
		47F397691ED6D18C001C7828 /* jwt.h */ = {isa = PBXFileReference; fileEncoding = 4; lastKnownFileType = sourcecode.c.h; path = jwt.h; sourceTree = "<group>"; };
		47F3976B1ED6D18C001C7828 /* exception.h */ = {isa = PBXFileReference; fileEncoding = 4; lastKnownFileType = sourcecode.c.h; path = exception.h; sourceTree = "<group>"; };
		47F3976C1ED6D18C001C7828 /* hmac.cc */ = {isa = PBXFileReference; fileEncoding = 4; lastKnownFileType = sourcecode.cpp.cpp; path = hmac.cc; sourceTree = "<group>"; };
		47F3976D1ED6D18C001C7828 /* hmac.h */ = {isa = PBXFileReference; fileEncoding = 4; lastKnownFileType = sourcecode.c.h; path = hmac.h; sourceTree = "<group>"; };
		47F3976E1ED6D18C001C7828 /* rsa.cc */ = {isa = PBXFileReference; fileEncoding = 4; lastKnownFileType = sourcecode.cpp.cpp; path = rsa.cc; sourceTree = "<group>"; };
		47F3976F1ED6D18C001C7828 /* rsa.h */ = {isa = PBXFileReference; fileEncoding = 4; lastKnownFileType = sourcecode.c.h; path = rsa.h; sourceTree = "<group>"; };
/* End PBXFileReference section */

/* Begin PBXFrameworksBuildPhase section */
		476EF7C71E23EC91004A13C2 /* Frameworks */ = {
			isa = PBXFrameworksBuildPhase;
			buildActionMask = 2147483647;
			files = (
				47A543DC1E7C2BC400902EDF /* libhiredis.a in Frameworks */,
				47CB417E1E23F272004FE268 /* libevent.a in Frameworks */,
			);
			runOnlyForDeploymentPostprocessing = 0;
		};
/* End PBXFrameworksBuildPhase section */

/* Begin PBXGroup section */
		4708D31B1EE84C5400EFEA22 /* beanstalk */ = {
			isa = PBXGroup;
			children = (
				4708D31E1EE84C5400EFEA22 /* types.h */,
				4708D31D1EE84C5400EFEA22 /* consumer.h */,
				4708D31C1EE84C5400EFEA22 /* consumer.cc */,
				4708D3231EE84C7A00EFEA22 /* producer.h */,
				4708D3221EE84C7A00EFEA22 /* producer.cc */,
			);
			path = beanstalk;
			sourceTree = "<group>";
		};
		4729C2581E449F24007331D6 /* casper */ = {
			isa = PBXGroup;
			children = (
				4729C25B1E449F24007331D6 /* session.h */,
				4729C25A1E449F24007331D6 /* session.cc */,
			);
			path = casper;
			sourceTree = "<group>";
		};
		476EF7C11E23EC91004A13C2 = {
			isa = PBXGroup;
			children = (
				47A543D41E7C2B9D00902EDF /* hiredis.xcodeproj */,
				47AE9C351E23ECF7002BDAE6 /* src */,
				476EF7CB1E23EC91004A13C2 /* Products */,
				47CB417C1E23F272004FE268 /* Frameworks */,
			);
			sourceTree = "<group>";
		};
		476EF7CB1E23EC91004A13C2 /* Products */ = {
			isa = PBXGroup;
			children = (
				476EF7CA1E23EC91004A13C2 /* libconnectors.a */,
			);
			name = Products;
			sourceTree = "<group>";
		};
		4775AD621EE15DAC006B9FE3 /* errors */ = {
			isa = PBXGroup;
			children = (
				4775AD641EE15DAC006B9FE3 /* tracker.h */,
				4775AD631EE15DAC006B9FE3 /* tracker.cc */,
				4775AD701EE16288006B9FE3 /* jsonapi */,
			);
			path = errors;
			sourceTree = "<group>";
		};
		4775AD6B1EE15F12006B9FE3 /* i18n */ = {
			isa = PBXGroup;
			children = (
				4775AD6D1EE15F12006B9FE3 /* singleton.h */,
				4775AD6C1EE15F12006B9FE3 /* singleton.cc */,
			);
			path = i18n;
			sourceTree = "<group>";
		};
		4775AD701EE16288006B9FE3 /* jsonapi */ = {
			isa = PBXGroup;
			children = (
				4775AD721EE16288006B9FE3 /* tracker.h */,
				4775AD711EE16288006B9FE3 /* tracker.cc */,
			);
			path = jsonapi;
			sourceTree = "<group>";
		};
		47A543D51E7C2B9D00902EDF /* Products */ = {
			isa = PBXGroup;
			children = (
				47A543D91E7C2B9D00902EDF /* libhiredis.a */,
			);
			name = Products;
			sourceTree = "<group>";
		};
		47AACF111EE030650008648E /* cc */ = {
			isa = PBXGroup;
			children = (
				4775AD6B1EE15F12006B9FE3 /* i18n */,
				4775AD621EE15DAC006B9FE3 /* errors */,
				47AACF371EE0494F0008648E /* file */,
				47AACF121EE030650008648E /* auth */,
				47AACF161EE030650008648E /* b64.h */,
				47AACF171EE030650008648E /* crypto */,
				47AACF1D1EE030650008648E /* exception.h */,
				47AACF1E1EE030650008648E /* utc_time.cc */,
				47AACF1F1EE030650008648E /* utc_time.h */,
			);
			path = cc;
			sourceTree = "<group>";
		};
		47AACF121EE030650008648E /* auth */ = {
			isa = PBXGroup;
			children = (
				47AACF131EE030650008648E /* exception.h */,
				47AACF141EE030650008648E /* jwt.cc */,
				47AACF151EE030650008648E /* jwt.h */,
			);
			path = auth;
			sourceTree = "<group>";
		};
		47AACF171EE030650008648E /* crypto */ = {
			isa = PBXGroup;
			children = (
				47AACF181EE030650008648E /* exception.h */,
				47AACF191EE030650008648E /* hmac.cc */,
				47AACF1A1EE030650008648E /* hmac.h */,
				47AACF1B1EE030650008648E /* rsa.cc */,
				47AACF1C1EE030650008648E /* rsa.h */,
			);
			path = crypto;
			sourceTree = "<group>";
		};
		47AACF371EE0494F0008648E /* file */ = {
			isa = PBXGroup;
			children = (
				47AACF401EE049B10008648E /* exception.h */,
				4775AD831EE1A8C2006B9FE3 /* utils.h */,
				4775AD821EE1A8C2006B9FE3 /* utils.cc */,
				47AACF3B1EE0494F0008648E /* writer.h */,
				47AACF3A1EE0494F0008648E /* writer.cc */,
			);
			path = file;
			sourceTree = "<group>";
		};
		47AE9C351E23ECF7002BDAE6 /* src */ = {
			isa = PBXGroup;
			children = (
				47AACF111EE030650008648E /* cc */,
				47AE9C361E23ECF7002BDAE6 /* ev */,
			);
			path = src;
			sourceTree = "<group>";
		};
		47AE9C361E23ECF7002BDAE6 /* ev */ = {
			isa = PBXGroup;
			children = (
				4708D31B1EE84C5400EFEA22 /* beanstalk */,
				47F397411ED6CD84001C7828 /* cc */,
				4729C2581E449F24007331D6 /* casper */,
				47AE9C371E23ECF7002BDAE6 /* bridge.h */,
				47AE9C391E23ECF7002BDAE6 /* device.h */,
				47AE9C381E23ECF7002BDAE6 /* device.cc */,
				47AE9C3C1E23ECF7002BDAE6 /* error.h */,
				47AE9C3B1E23ECF7002BDAE6 /* error.cc */,
				47AE9C3E1E23ECF7002BDAE6 /* exception.h */,
				47AE9C521E23ECF7002BDAE6 /* object.h */,
				47AE9C511E23ECF7002BDAE6 /* object.cc */,
				47AE9C861E23ECF7002BDAE6 /* request.h */,
				47AE9C851E23ECF7002BDAE6 /* request.cc */,
				47AE9C891E23ECF7002BDAE6 /* result.h */,
				47AE9C881E23ECF7002BDAE6 /* result.cc */,
				47AE9C3F1E23ECF7002BDAE6 /* hub */,
				47AE9C4D1E23ECF7002BDAE6 /* ngx */,
				47AE9C541E23ECF7002BDAE6 /* postgresql */,
				47AE9C671E23ECF7002BDAE6 /* redis */,
				47EDE3741E72F98F00C48CB2 /* curl */,
				47AE9C8B1E23ECF7002BDAE6 /* scheduler */,
			);
			path = ev;
			sourceTree = "<group>";
		};
		47AE9C3F1E23ECF7002BDAE6 /* hub */ = {
			isa = PBXGroup;
			children = (
				47AE9C4C1E23ECF7002BDAE6 /* types.h */,
				47AE9C411E23ECF7002BDAE6 /* handler.h */,
				47AE9C401E23ECF7002BDAE6 /* handler.cc */,
				47AE9C441E23ECF7002BDAE6 /* hub.h */,
				47AE9C431E23ECF7002BDAE6 /* hub.cc */,
				47AE9C471E23ECF7002BDAE6 /* keep_alive_handler.h */,
				47AE9C461E23ECF7002BDAE6 /* keep_alive_handler.cc */,
				47AE9C4A1E23ECF7002BDAE6 /* one_shot_handler.h */,
				47AE9C491E23ECF7002BDAE6 /* one_shot_handler.cc */,
			);
			path = hub;
			sourceTree = "<group>";
		};
		47AE9C4D1E23ECF7002BDAE6 /* ngx */ = {
			isa = PBXGroup;
			children = (
				47CB41861E23F55F004FE268 /* includes.h */,
				47AE9C4F1E23ECF7002BDAE6 /* bridge.h */,
				47AE9C4E1E23ECF7002BDAE6 /* bridge.cc */,
			);
			path = ngx;
			sourceTree = "<group>";
		};
		47AE9C541E23ECF7002BDAE6 /* postgresql */ = {
			isa = PBXGroup;
			children = (
				47AE9C5C1E23ECF7002BDAE6 /* object.h */,
				47AE9C5B1E23ECF7002BDAE6 /* object.cc */,
				47AE9C651E23ECF7002BDAE6 /* value.h */,
				47AE9C641E23ECF7002BDAE6 /* value.cc */,
				47AE9C5F1E23ECF7002BDAE6 /* reply.h */,
				47AE9C5E1E23ECF7002BDAE6 /* reply.cc */,
				47AE9C621E23ECF7002BDAE6 /* request.h */,
				47AE9C611E23ECF7002BDAE6 /* request.cc */,
				47AE9C561E23ECF7002BDAE6 /* device.h */,
				47AE9C551E23ECF7002BDAE6 /* device.cc */,
				47AE9C591E23ECF7002BDAE6 /* error.h */,
				47AE9C581E23ECF7002BDAE6 /* error.cc */,
				472FEA4B1E25557E0033D258 /* json_api.h */,
				472FEA4A1E25557E0033D258 /* json_api.cc */,
			);
			path = postgresql;
			sourceTree = "<group>";
		};
		47AE9C671E23ECF7002BDAE6 /* redis */ = {
			isa = PBXGroup;
			children = (
				47AE9C6E1E23ECF7002BDAE6 /* includes.h */,
				47AE9C701E23ECF7002BDAE6 /* object.h */,
				47AE9C6F1E23ECF7002BDAE6 /* object.cc */,
				47AE9C691E23ECF7002BDAE6 /* device.h */,
				47AE9C681E23ECF7002BDAE6 /* device.cc */,
				47AE9C6C1E23ECF7002BDAE6 /* error.h */,
				47AE9C6B1E23ECF7002BDAE6 /* error.cc */,
				47AE9C731E23ECF7002BDAE6 /* reply.h */,
				47AE9C721E23ECF7002BDAE6 /* reply.cc */,
				47AE9C761E23ECF7002BDAE6 /* request.h */,
				47AE9C751E23ECF7002BDAE6 /* request.cc */,
				479EDC921E4370DA00AACD86 /* session.h */,
				479EDC911E4370DA00AACD86 /* session.cc */,
				47AE9C781E23ECF7002BDAE6 /* subscriptions */,
				47AE9C831E23ECF7002BDAE6 /* value.h */,
				47AE9C821E23ECF7002BDAE6 /* value.cc */,
			);
			path = redis;
			sourceTree = "<group>";
		};
		47AE9C781E23ECF7002BDAE6 /* subscriptions */ = {
			isa = PBXGroup;
			children = (
				47AE9C7A1E23ECF7002BDAE6 /* manager.h */,
				47AE9C791E23ECF7002BDAE6 /* manager.cc */,
				47AE9C7D1E23ECF7002BDAE6 /* reply.h */,
				47AE9C7C1E23ECF7002BDAE6 /* reply.cc */,
				47AE9C801E23ECF7002BDAE6 /* request.h */,
				47AE9C7F1E23ECF7002BDAE6 /* request.cc */,
			);
			path = subscriptions;
			sourceTree = "<group>";
		};
		47AE9C8B1E23ECF7002BDAE6 /* scheduler */ = {
			isa = PBXGroup;
			children = (
				47AE9C8D1E23ECF7002BDAE6 /* object.h */,
				47AE9C8C1E23ECF7002BDAE6 /* object.cc */,
				47AE9C901E23ECF7002BDAE6 /* scheduler.h */,
				47AE9C8F1E23ECF7002BDAE6 /* scheduler.cc */,
				47AE9C931E23ECF7002BDAE6 /* subscription.h */,
				47AE9C921E23ECF7002BDAE6 /* subscription.cc */,
				47AE9C961E23ECF7002BDAE6 /* task.h */,
				47AE9C951E23ECF7002BDAE6 /* task.cc */,
				47AE9C991E23ECF7002BDAE6 /* unique_id_generator.h */,
				47AE9C981E23ECF7002BDAE6 /* unique_id_generator.cc */,
			);
			path = scheduler;
			sourceTree = "<group>";
		};
		47CB417C1E23F272004FE268 /* Frameworks */ = {
			isa = PBXGroup;
			children = (
				477630D420629772006A1764 /* libpcre.tbd */,
				47A543D21E7C2A4D00902EDF /* libhiredis.a */,
				472FEA3A1E25510C0033D258 /* libpq.tbd */,
				47CB417D1E23F272004FE268 /* libevent.a */,
			);
			name = Frameworks;
			sourceTree = "<group>";
		};
		47EDE3741E72F98F00C48CB2 /* curl */ = {
			isa = PBXGroup;
			children = (
				47EDE37D1E72F98F00C48CB2 /* object.h */,
				47EDE37C1E72F98F00C48CB2 /* object.cc */,
				47EDE3831E72F98F00C48CB2 /* request.h */,
				47EDE3821E72F98F00C48CB2 /* request.cc */,
				47EDE3801E72F98F00C48CB2 /* reply.h */,
				47EDE37F1E72F98F00C48CB2 /* reply.cc */,
				47EDE3861E72F98F00C48CB2 /* value.h */,
				47EDE3851E72F98F00C48CB2 /* value.cc */,
				47EDE3781E72F98F00C48CB2 /* error.h */,
				47EDE3771E72F98F00C48CB2 /* error.cc */,
				47EDE3761E72F98F00C48CB2 /* device.h */,
				47EDE3751E72F98F00C48CB2 /* device.cc */,
				47EDE37B1E72F98F00C48CB2 /* http.h */,
				47EDE37A1E72F98F00C48CB2 /* http.cc */,
			);
			path = curl;
			sourceTree = "<group>";
		};
		47F397411ED6CD84001C7828 /* cc */ = {
			isa = PBXGroup;
			children = (
				47F397421ED6CD84001C7828 /* b64.h */,
				47F397431ED6CD84001C7828 /* exception.h */,
				47F397661ED6D18C001C7828 /* auth */,
				47F3976A1ED6D18C001C7828 /* crypto */,
			);
			name = cc;
			path = src/cc;
			sourceTree = SOURCE_ROOT;
		};
		47F397661ED6D18C001C7828 /* auth */ = {
			isa = PBXGroup;
			children = (
				47F397671ED6D18C001C7828 /* exception.h */,
				47F397691ED6D18C001C7828 /* jwt.h */,
				47F397681ED6D18C001C7828 /* jwt.cc */,
			);
			path = auth;
			sourceTree = "<group>";
		};
		47F3976A1ED6D18C001C7828 /* crypto */ = {
			isa = PBXGroup;
			children = (
				47F3976B1ED6D18C001C7828 /* exception.h */,
				47F3976D1ED6D18C001C7828 /* hmac.h */,
				47F3976C1ED6D18C001C7828 /* hmac.cc */,
				47F3976F1ED6D18C001C7828 /* rsa.h */,
				47F3976E1ED6D18C001C7828 /* rsa.cc */,
			);
			path = crypto;
			sourceTree = "<group>";
		};
/* End PBXGroup section */

/* Begin PBXHeadersBuildPhase section */
		476EF7C81E23EC91004A13C2 /* Headers */ = {
			isa = PBXHeadersBuildPhase;
			buildActionMask = 2147483647;
			files = (
				47AACF291EE030650008648E /* hmac.h in Headers */,
				47EDE3991E72F98F00C48CB2 /* value.h in Headers */,
				47EDE38E1E72F98F00C48CB2 /* http.h in Headers */,
				479EDC941E4370DA00AACD86 /* session.h in Headers */,
				47F3974D1ED6CD84001C7828 /* b64.h in Headers */,
				47EDE3891E72F98F00C48CB2 /* device.h in Headers */,
				47AE9CE51E23ECF7002BDAE6 /* request.h in Headers */,
				47F3974E1ED6CD84001C7828 /* exception.h in Headers */,
				47AE9CDF1E23ECF7002BDAE6 /* request.h in Headers */,
				47F397701ED6D18C001C7828 /* exception.h in Headers */,
				47AE9CA71E23ECF7002BDAE6 /* hub.h in Headers */,
				47AE9CA21E23ECF7002BDAE6 /* exception.h in Headers */,
				4775AD661EE15DAC006B9FE3 /* tracker.h in Headers */,
				4775AD851EE1A8C2006B9FE3 /* utils.h in Headers */,
				47AE9CB41E23ECF7002BDAE6 /* object.h in Headers */,
				4708D3251EE84C7A00EFEA22 /* producer.h in Headers */,
				47AE9CE81E23ECF7002BDAE6 /* result.h in Headers */,
				47AE9CEB1E23ECF7002BDAE6 /* object.h in Headers */,
				4775AD741EE16288006B9FE3 /* tracker.h in Headers */,
				47AE9CAA1E23ECF7002BDAE6 /* keep_alive_handler.h in Headers */,
				47AE9CF11E23ECF7002BDAE6 /* subscription.h in Headers */,
				47EDE3931E72F98F00C48CB2 /* reply.h in Headers */,
				47AE9CBD1E23ECF7002BDAE6 /* object.h in Headers */,
				47AE9CC61E23ECF7002BDAE6 /* value.h in Headers */,
				47AE9CC01E23ECF7002BDAE6 /* reply.h in Headers */,
				47AE9CE21E23ECF7002BDAE6 /* value.h in Headers */,
				47AE9CA01E23ECF7002BDAE6 /* error.h in Headers */,
				47AE9CC31E23ECF7002BDAE6 /* request.h in Headers */,
				47AE9CEE1E23ECF7002BDAE6 /* scheduler.h in Headers */,
				47AE9CAD1E23ECF7002BDAE6 /* one_shot_handler.h in Headers */,
				4708D3211EE84C5400EFEA22 /* types.h in Headers */,
				47AE9CDC1E23ECF7002BDAE6 /* reply.h in Headers */,
				4729C25D1E449F24007331D6 /* session.h in Headers */,
				47AE9CD31E23ECF7002BDAE6 /* reply.h in Headers */,
				47F397771ED6D18C001C7828 /* rsa.h in Headers */,
				47AE9CF41E23ECF7002BDAE6 /* task.h in Headers */,
				47AE9CA41E23ECF7002BDAE6 /* handler.h in Headers */,
				47AACF251EE030650008648E /* jwt.h in Headers */,
				472FEA4D1E25557E0033D258 /* json_api.h in Headers */,
				47F397731ED6D18C001C7828 /* exception.h in Headers */,
				47AE9CAF1E23ECF7002BDAE6 /* types.h in Headers */,
				47AACF3F1EE0494F0008648E /* writer.h in Headers */,
				47EDE3961E72F98F00C48CB2 /* request.h in Headers */,
				47AACF2E1EE030650008648E /* utc_time.h in Headers */,
				47AE9C9D1E23ECF7002BDAE6 /* device.h in Headers */,
				47AE9CB71E23ECF7002BDAE6 /* device.h in Headers */,
				4775AD6F1EE15F12006B9FE3 /* singleton.h in Headers */,
				47AE9CCE1E23ECF7002BDAE6 /* includes.h in Headers */,
				47AE9CF71E23ECF7002BDAE6 /* unique_id_generator.h in Headers */,
				4708D3201EE84C5400EFEA22 /* consumer.h in Headers */,
				47AE9CBA1E23ECF7002BDAE6 /* error.h in Headers */,
				47AE9CD91E23ECF7002BDAE6 /* manager.h in Headers */,
				47AACF411EE049B10008648E /* exception.h in Headers */,
				47AE9CC91E23ECF7002BDAE6 /* device.h in Headers */,
				47AE9CD61E23ECF7002BDAE6 /* request.h in Headers */,
				47AE9C9B1E23ECF7002BDAE6 /* bridge.h in Headers */,
				47AE9CD01E23ECF7002BDAE6 /* object.h in Headers */,
				47EDE3901E72F98F00C48CB2 /* object.h in Headers */,
				47AE9CCC1E23ECF7002BDAE6 /* error.h in Headers */,
				47EDE38B1E72F98F00C48CB2 /* error.h in Headers */,
			);
			runOnlyForDeploymentPostprocessing = 0;
		};
/* End PBXHeadersBuildPhase section */

/* Begin PBXNativeTarget section */
		476EF7C91E23EC91004A13C2 /* connectors */ = {
			isa = PBXNativeTarget;
			buildConfigurationList = 476EF7CE1E23EC91004A13C2 /* Build configuration list for PBXNativeTarget "connectors" */;
			buildPhases = (
				476EF7C61E23EC91004A13C2 /* Sources */,
				476EF7C71E23EC91004A13C2 /* Frameworks */,
				476EF7C81E23EC91004A13C2 /* Headers */,
			);
			buildRules = (
			);
			dependencies = (
				47A543DB1E7C2BA100902EDF /* PBXTargetDependency */,
			);
			name = connectors;
			productName = "casper-connectors";
			productReference = 476EF7CA1E23EC91004A13C2 /* libconnectors.a */;
			productType = "com.apple.product-type.library.static";
		};
/* End PBXNativeTarget section */

/* Begin PBXProject section */
		476EF7C21E23EC91004A13C2 /* Project object */ = {
			isa = PBXProject;
			attributes = {
				LastUpgradeCheck = 0920;
				ORGANIZATIONNAME = "NRS LDA";
				TargetAttributes = {
					476EF7C91E23EC91004A13C2 = {
						CreatedOnToolsVersion = 8.2.1;
						ProvisioningStyle = Automatic;
					};
				};
			};
			buildConfigurationList = 476EF7C51E23EC91004A13C2 /* Build configuration list for PBXProject "connectors" */;
			compatibilityVersion = "Xcode 3.2";
			developmentRegion = English;
			hasScannedForEncodings = 0;
			knownRegions = (
				en,
			);
			mainGroup = 476EF7C11E23EC91004A13C2;
			productRefGroup = 476EF7CB1E23EC91004A13C2 /* Products */;
			projectDirPath = "";
			projectReferences = (
				{
					ProductGroup = 47A543D51E7C2B9D00902EDF /* Products */;
					ProjectRef = 47A543D41E7C2B9D00902EDF /* hiredis.xcodeproj */;
				},
			);
			projectRoot = "";
			targets = (
				476EF7C91E23EC91004A13C2 /* connectors */,
			);
		};
/* End PBXProject section */

/* Begin PBXReferenceProxy section */
		47A543D91E7C2B9D00902EDF /* libhiredis.a */ = {
			isa = PBXReferenceProxy;
			fileType = archive.ar;
			path = libhiredis.a;
			remoteRef = 47A543D81E7C2B9D00902EDF /* PBXContainerItemProxy */;
			sourceTree = BUILT_PRODUCTS_DIR;
		};
/* End PBXReferenceProxy section */

/* Begin PBXSourcesBuildPhase section */
		476EF7C61E23EC91004A13C2 /* Sources */ = {
			isa = PBXSourcesBuildPhase;
			buildActionMask = 2147483647;
			files = (
				472FEA4C1E25557E0033D258 /* json_api.cc in Sources */,
				47AE9CEA1E23ECF7002BDAE6 /* object.cc in Sources */,
				47F397761ED6D18C001C7828 /* rsa.cc in Sources */,
				4708D31F1EE84C5400EFEA22 /* consumer.cc in Sources */,
				4729C25C1E449F24007331D6 /* session.cc in Sources */,
				4775AD841EE1A8C2006B9FE3 /* utils.cc in Sources */,
				4775AD6E1EE15F12006B9FE3 /* singleton.cc in Sources */,
				47AE9C9F1E23ECF7002BDAE6 /* error.cc in Sources */,
				47EDE38D1E72F98F00C48CB2 /* http.cc in Sources */,
				47AE9CD81E23ECF7002BDAE6 /* manager.cc in Sources */,
				47AE9CA61E23ECF7002BDAE6 /* hub.cc in Sources */,
				47EDE38A1E72F98F00C48CB2 /* error.cc in Sources */,
				47AE9CA31E23ECF7002BDAE6 /* handler.cc in Sources */,
				47AE9CD51E23ECF7002BDAE6 /* request.cc in Sources */,
				47F397741ED6D18C001C7828 /* hmac.cc in Sources */,
				47AE9CC81E23ECF7002BDAE6 /* device.cc in Sources */,
				47AE9CF31E23ECF7002BDAE6 /* task.cc in Sources */,
				47AE9CDB1E23ECF7002BDAE6 /* reply.cc in Sources */,
				47AE9CBF1E23ECF7002BDAE6 /* reply.cc in Sources */,
				47AE9CE11E23ECF7002BDAE6 /* value.cc in Sources */,
				47F397711ED6D18C001C7828 /* jwt.cc in Sources */,
				479EDC931E4370DA00AACD86 /* session.cc in Sources */,
				47EDE38F1E72F98F00C48CB2 /* object.cc in Sources */,
				47EDE3981E72F98F00C48CB2 /* value.cc in Sources */,
				47AE9CED1E23ECF7002BDAE6 /* scheduler.cc in Sources */,
				47AE9CCB1E23ECF7002BDAE6 /* error.cc in Sources */,
				47AE9CBC1E23ECF7002BDAE6 /* object.cc in Sources */,
				47AE9CF61E23ECF7002BDAE6 /* unique_id_generator.cc in Sources */,
				47AACF2D1EE030650008648E /* utc_time.cc in Sources */,
				4775AD651EE15DAC006B9FE3 /* tracker.cc in Sources */,
				47AE9CDE1E23ECF7002BDAE6 /* request.cc in Sources */,
				47AE9CB91E23ECF7002BDAE6 /* error.cc in Sources */,
				47EDE3951E72F98F00C48CB2 /* request.cc in Sources */,
				47EDE3921E72F98F00C48CB2 /* reply.cc in Sources */,
				4708D3241EE84C7A00EFEA22 /* producer.cc in Sources */,
				47AE9CF01E23ECF7002BDAE6 /* subscription.cc in Sources */,
				47AE9CCF1E23ECF7002BDAE6 /* object.cc in Sources */,
				47AE9CD21E23ECF7002BDAE6 /* reply.cc in Sources */,
				47AE9CB31E23ECF7002BDAE6 /* object.cc in Sources */,
				47AE9CC21E23ECF7002BDAE6 /* request.cc in Sources */,
				47AE9CAC1E23ECF7002BDAE6 /* one_shot_handler.cc in Sources */,
				47AE9C9C1E23ECF7002BDAE6 /* device.cc in Sources */,
				4775AD731EE16288006B9FE3 /* tracker.cc in Sources */,
				47AE9CC51E23ECF7002BDAE6 /* value.cc in Sources */,
				47AE9CB61E23ECF7002BDAE6 /* device.cc in Sources */,
				47AE9CE71E23ECF7002BDAE6 /* result.cc in Sources */,
				47AE9CA91E23ECF7002BDAE6 /* keep_alive_handler.cc in Sources */,
				47EDE3881E72F98F00C48CB2 /* device.cc in Sources */,
				47AACF3E1EE0494F0008648E /* writer.cc in Sources */,
				47AE9CE41E23ECF7002BDAE6 /* request.cc in Sources */,
			);
			runOnlyForDeploymentPostprocessing = 0;
		};
/* End PBXSourcesBuildPhase section */

/* Begin PBXTargetDependency section */
		47A543DB1E7C2BA100902EDF /* PBXTargetDependency */ = {
			isa = PBXTargetDependency;
			name = hiredis;
			targetProxy = 47A543DA1E7C2BA100902EDF /* PBXContainerItemProxy */;
		};
/* End PBXTargetDependency section */

/* Begin XCBuildConfiguration section */
		476EF7CC1E23EC91004A13C2 /* Debug */ = {
			isa = XCBuildConfiguration;
			buildSettings = {
				ALWAYS_SEARCH_USER_PATHS = NO;
				CLANG_ANALYZER_NONNULL = YES;
				CLANG_CXX_LANGUAGE_STANDARD = "c++0x";
				CLANG_CXX_LIBRARY = "libc++";
				CLANG_ENABLE_MODULES = YES;
				CLANG_ENABLE_OBJC_ARC = YES;
				CLANG_WARN_BLOCK_CAPTURE_AUTORELEASING = YES;
				CLANG_WARN_BOOL_CONVERSION = YES;
				CLANG_WARN_COMMA = YES;
				CLANG_WARN_CONSTANT_CONVERSION = YES;
				CLANG_WARN_DIRECT_OBJC_ISA_USAGE = YES_ERROR;
				CLANG_WARN_DOCUMENTATION_COMMENTS = YES;
				CLANG_WARN_EMPTY_BODY = YES;
				CLANG_WARN_ENUM_CONVERSION = YES;
				CLANG_WARN_INFINITE_RECURSION = YES;
				CLANG_WARN_INT_CONVERSION = YES;
				CLANG_WARN_NON_LITERAL_NULL_CONVERSION = YES;
				CLANG_WARN_OBJC_LITERAL_CONVERSION = YES;
				CLANG_WARN_OBJC_ROOT_CLASS = YES_ERROR;
				CLANG_WARN_RANGE_LOOP_ANALYSIS = YES;
				CLANG_WARN_STRICT_PROTOTYPES = YES;
				CLANG_WARN_SUSPICIOUS_MOVE = YES;
				CLANG_WARN_UNREACHABLE_CODE = YES;
				CLANG_WARN__DUPLICATE_METHOD_MATCH = YES;
				CODE_SIGN_IDENTITY = "-";
				COPY_PHASE_STRIP = NO;
				DEBUG_INFORMATION_FORMAT = dwarf;
				ENABLE_STRICT_OBJC_MSGSEND = YES;
				ENABLE_TESTABILITY = YES;
				GCC_C_LANGUAGE_STANDARD = gnu99;
				GCC_DYNAMIC_NO_PIC = NO;
				GCC_NO_COMMON_BLOCKS = YES;
				GCC_OPTIMIZATION_LEVEL = 0;
				GCC_PREPROCESSOR_DEFINITIONS = (
					"DEBUG=1",
					"$(inherited)",
				);
				GCC_WARN_64_TO_32_BIT_CONVERSION = YES;
				GCC_WARN_ABOUT_RETURN_TYPE = YES_ERROR;
				GCC_WARN_UNDECLARED_SELECTOR = YES;
				GCC_WARN_UNINITIALIZED_AUTOS = YES_AGGRESSIVE;
				GCC_WARN_UNUSED_FUNCTION = YES;
				GCC_WARN_UNUSED_VARIABLE = YES;
				MACOSX_DEPLOYMENT_TARGET = 10.12;
				MTL_ENABLE_DEBUG_INFO = YES;
				ONLY_ACTIVE_ARCH = YES;
				SDKROOT = macosx;
			};
			name = Debug;
		};
		476EF7CD1E23EC91004A13C2 /* Release */ = {
			isa = XCBuildConfiguration;
			buildSettings = {
				ALWAYS_SEARCH_USER_PATHS = NO;
				CLANG_ANALYZER_NONNULL = YES;
				CLANG_CXX_LANGUAGE_STANDARD = "c++0x";
				CLANG_CXX_LIBRARY = "libc++";
				CLANG_ENABLE_MODULES = YES;
				CLANG_ENABLE_OBJC_ARC = YES;
				CLANG_WARN_BLOCK_CAPTURE_AUTORELEASING = YES;
				CLANG_WARN_BOOL_CONVERSION = YES;
				CLANG_WARN_COMMA = YES;
				CLANG_WARN_CONSTANT_CONVERSION = YES;
				CLANG_WARN_DIRECT_OBJC_ISA_USAGE = YES_ERROR;
				CLANG_WARN_DOCUMENTATION_COMMENTS = YES;
				CLANG_WARN_EMPTY_BODY = YES;
				CLANG_WARN_ENUM_CONVERSION = YES;
				CLANG_WARN_INFINITE_RECURSION = YES;
				CLANG_WARN_INT_CONVERSION = YES;
				CLANG_WARN_NON_LITERAL_NULL_CONVERSION = YES;
				CLANG_WARN_OBJC_LITERAL_CONVERSION = YES;
				CLANG_WARN_OBJC_ROOT_CLASS = YES_ERROR;
				CLANG_WARN_RANGE_LOOP_ANALYSIS = YES;
				CLANG_WARN_STRICT_PROTOTYPES = YES;
				CLANG_WARN_SUSPICIOUS_MOVE = YES;
				CLANG_WARN_UNREACHABLE_CODE = YES;
				CLANG_WARN__DUPLICATE_METHOD_MATCH = YES;
				CODE_SIGN_IDENTITY = "-";
				COPY_PHASE_STRIP = NO;
				DEBUG_INFORMATION_FORMAT = "dwarf-with-dsym";
				ENABLE_NS_ASSERTIONS = NO;
				ENABLE_STRICT_OBJC_MSGSEND = YES;
				GCC_C_LANGUAGE_STANDARD = gnu99;
				GCC_NO_COMMON_BLOCKS = YES;
				GCC_WARN_64_TO_32_BIT_CONVERSION = YES;
				GCC_WARN_ABOUT_RETURN_TYPE = YES_ERROR;
				GCC_WARN_UNDECLARED_SELECTOR = YES;
				GCC_WARN_UNINITIALIZED_AUTOS = YES_AGGRESSIVE;
				GCC_WARN_UNUSED_FUNCTION = YES;
				GCC_WARN_UNUSED_VARIABLE = YES;
				MACOSX_DEPLOYMENT_TARGET = 10.12;
				MTL_ENABLE_DEBUG_INFO = NO;
				SDKROOT = macosx;
			};
			name = Release;
		};
		476EF7CF1E23EC91004A13C2 /* Debug */ = {
			isa = XCBuildConfiguration;
			buildSettings = {
				ALWAYS_SEARCH_USER_PATHS = YES;
				CLANG_WARN_DOCUMENTATION_COMMENTS = NO;
				EXECUTABLE_PREFIX = lib;
				HEADER_SEARCH_PATHS = (
					/usr/local/postgresql/9.4.5/include/,
					/usr/local/postgresql/9.4.9/include/,
					/usr/local/postgresql/9.5.6/include/,
				);
				LIBRARY_SEARCH_PATHS = (
					"$(inherited)",
					/usr/local/lib,
				);
				PRODUCT_NAME = "$(TARGET_NAME)";
				SYMROOT = "$(SRCROOT)/out/xcode/$(CONFIGURATION)";
				USER_HEADER_SEARCH_PATHS = "$(SRCROOT)/src $(SRCROOT)/../osal/src $(SRCROOT)/../jsoncpp/dist $(SRCROOT)/../cppcodec $(SRCROOT)/../zlib $(SRCROOT)/../beanstalk-client $(SRCROOT)/../ /usr/local/include /usr/local/opt/openssl/include /usr/local/opt/icu4c/include";
			};
			name = Debug;
		};
		476EF7D01E23EC91004A13C2 /* Release */ = {
			isa = XCBuildConfiguration;
			buildSettings = {
				ALWAYS_SEARCH_USER_PATHS = YES;
				CLANG_WARN_DOCUMENTATION_COMMENTS = NO;
				EXECUTABLE_PREFIX = lib;
				HEADER_SEARCH_PATHS = (
					/usr/local/postgresql/9.4.5/include/,
					/usr/local/postgresql/9.4.9/include/,
					/usr/local/postgresql/9.5.6/include/,
				);
				LIBRARY_SEARCH_PATHS = (
					"$(inherited)",
					/usr/local/lib,
				);
				PRODUCT_NAME = "$(TARGET_NAME)";
				SYMROOT = "$(SRCROOT)/out/xcode/$(CONFIGURATION)";
				USER_HEADER_SEARCH_PATHS = "$(SRCROOT)/src $(SRCROOT)/../osal/src $(SRCROOT)/../jsoncpp/dist $(SRCROOT)/../cppcodec $(SRCROOT)/../zlib $(SRCROOT)/../beanstalk-client $(SRCROOT)/../ /usr/local/include /usr/local/opt/openssl/include /usr/local/opt/icu4c/include";
			};
			name = Release;
		};
/* End XCBuildConfiguration section */

/* Begin XCConfigurationList section */
		476EF7C51E23EC91004A13C2 /* Build configuration list for PBXProject "connectors" */ = {
			isa = XCConfigurationList;
			buildConfigurations = (
				476EF7CC1E23EC91004A13C2 /* Debug */,
				476EF7CD1E23EC91004A13C2 /* Release */,
			);
			defaultConfigurationIsVisible = 0;
			defaultConfigurationName = Release;
		};
		476EF7CE1E23EC91004A13C2 /* Build configuration list for PBXNativeTarget "connectors" */ = {
			isa = XCConfigurationList;
			buildConfigurations = (
				476EF7CF1E23EC91004A13C2 /* Debug */,
				476EF7D01E23EC91004A13C2 /* Release */,
			);
			defaultConfigurationIsVisible = 0;
			defaultConfigurationName = Release;
		};
/* End XCConfigurationList section */
	};
	rootObject = 476EF7C21E23EC91004A13C2 /* Project object */;
}
